
Microsoft Visual Studio Solution File, Format Version 11.00
# Visual Studio 2010
Project("{8BC9CEB8-8B4A-11D0-8D11-00A0C91BC942}") = "BasicScene", "BasicScene.vcxproj", "{90775E23-BAB2-4D60-8C28-C774D242724D}"
EndProject
Global
	GlobalSection(SolutionConfigurationPlatforms) = preSolution
		Debug|Win32 = Debug|Win32
		Release|Win32 = Release|Win32
	EndGlobalSection
	GlobalSection(ProjectConfigurationPlatforms) = postSolution
		{90775E23-BAB2-4D60-8C28-C774D242724D}.Debug|Win32.ActiveCfg = Debug|Win32
		{90775E23-BAB2-4D60-8C28-C774D242724D}.Debug|Win32.Build.0 = Debug|Win32
		{90775E23-BAB2-4D60-8C28-C774D242724D}.Release|Win32.ActiveCfg = Release|Win32
		{90775E23-BAB2-4D60-8C28-C774D242724D}.Release|Win32.Build.0 = Release|Win32
	EndGlobalSection
	GlobalSection(SolutionProperties) = preSolution
		HideSolutionNode = FALSE
	EndGlobalSection
EndGlobal
